
Microsoft Visual Studio Solution File, Format Version 12.00
# Visual Studio Version 17
VisualStudioVersion = 17.9.34728.123
MinimumVisualStudioVersion = 10.0.40219.1
Project("{FAE04EC0-301F-11D3-BF4B-00C04F79EFBC}") = "alhal", "alhal\alhal.csproj", "{0DB8701E-A954-4887-A20F-4138D442684A}"
EndProject
Global
	GlobalSection(SolutionConfigurationPlatforms) = preSolution
		Debug|Any CPU = Debug|Any CPU
		Release|Any CPU = Release|Any CPU
	EndGlobalSection
	GlobalSection(ProjectConfigurationPlatforms) = postSolution
		{0DB8701E-A954-4887-A20F-4138D442684A}.Debug|Any CPU.ActiveCfg = Debug|Any CPU
		{0DB8701E-A954-4887-A20F-4138D442684A}.Debug|Any CPU.Build.0 = Debug|Any CPU
		{0DB8701E-A954-4887-A20F-4138D442684A}.Release|Any CPU.ActiveCfg = Release|Any CPU
		{0DB8701E-A954-4887-A20F-4138D442684A}.Release|Any CPU.Build.0 = Release|Any CPU
	EndGlobalSection
	GlobalSection(SolutionProperties) = preSolution
		HideSolutionNode = FALSE
	EndGlobalSection
	GlobalSection(ExtensibilityGlobals) = postSolution
		SolutionGuid = {7A9325C1-987E-4E54-9F4B-8E716ADF6D74}
	EndGlobalSection
EndGlobal
